
Microsoft Visual Studio Solution File, Format Version 12.00
# Visual Studio 14
VisualStudioVersion = 14.0.25420.1
MinimumVisualStudioVersion = 10.0.40219.1
Project("{E24C65DC-7377-472B-9ABA-BC803B73C61A}") = "eTrace_OracleERP", "eTrace_OracleERP", "{7E083C9D-7408-44AA-A120-59D7F6384B33}"
	ProjectSection(WebsiteProperties) = preProject
		TargetFrameworkMoniker = ".NETFramework,Version%3Dv4.5.1"
		Debug.AspNetCompiler.VirtualPath = "/localhost_59574"
		Debug.AspNetCompiler.PhysicalPath = "eTrace_OracleERP\"
		Debug.AspNetCompiler.TargetPath = "PrecompiledWeb\localhost_59574\"
		Debug.AspNetCompiler.Updateable = "true"
		Debug.AspNetCompiler.ForceOverwrite = "true"
		Debug.AspNetCompiler.FixedNames = "false"
		Debug.AspNetCompiler.Debug = "True"
		Release.AspNetCompiler.VirtualPath = "/localhost_59574"
		Release.AspNetCompiler.PhysicalPath = "eTrace_OracleERP\"
		Release.AspNetCompiler.TargetPath = "PrecompiledWeb\localhost_59574\"
		Release.AspNetCompiler.Updateable = "true"
		Release.AspNetCompiler.ForceOverwrite = "true"
		Release.AspNetCompiler.FixedNames = "false"
		Release.AspNetCompiler.Debug = "False"
		VWDPort = "59574"
		SlnRelativePath = "eTrace_OracleERP\"
	EndProjectSection
EndProject
Global
	GlobalSection(SolutionConfigurationPlatforms) = preSolution
		Debug|Any CPU = Debug|Any CPU
	EndGlobalSection
	GlobalSection(ProjectConfigurationPlatforms) = postSolution
		{7E083C9D-7408-44AA-A120-59D7F6384B33}.Debug|Any CPU.ActiveCfg = Debug|Any CPU
		{7E083C9D-7408-44AA-A120-59D7F6384B33}.Debug|Any CPU.Build.0 = Debug|Any CPU
	EndGlobalSection
	GlobalSection(SolutionProperties) = preSolution
		HideSolutionNode = FALSE
	EndGlobalSection
EndGlobal
